
Microsoft Visual Studio Solution File, Format Version 12.00
# Visual Studio Version 17
VisualStudioVersion = 17.0.31903.59
MinimumVisualStudioVersion = 10.0.40219.1
Project("{2150E333-8FDC-42A3-9474-1A3956D46DE8}") = "Services", "Services", "{A29CB6CF-9890-45CD-9759-3AECFF1184BD}"
EndProject
Project("{2150E333-8FDC-42A3-9474-1A3956D46DE8}") = "Catalog", "Catalog", "{638C08B1-3DF4-4902-94F1-B75281798F41}"
EndProject
Project("{2150E333-8FDC-42A3-9474-1A3956D46DE8}") = "Identity", "Identity", "{45026D97-5336-43E7-850E-E46A5A525CE2}"
EndProject
Project("{FAE04EC0-301F-11D3-BF4B-00C04F79EFBC}") = "Catalog.API", "Services\Catalog\Catalog.API\Catalog.API.csproj", "{E8BF0D0C-5ADE-4425-B4F3-691CA9172A4F}"
EndProject
Project("{2150E333-8FDC-42A3-9474-1A3956D46DE8}") = "BuildingBlocks", "BuildingBlocks", "{A3167F7D-0644-45E9-85B5-B904592C8F2D}"
EndProject
Project("{FAE04EC0-301F-11D3-BF4B-00C04F79EFBC}") = "BuildingBlocks", "BuildingBlocks\BuildingBlocks\BuildingBlocks.csproj", "{B165479C-2007-4D28-988D-11A923B9CB80}"
EndProject
Project("{E53339B2-1760-4266-BCC7-CA923CBCF16C}") = "docker-compose", "docker-compose.dcproj", "{81DDED9D-158B-E303-5F62-77A2896D2A5A}"
EndProject
Project("{FAE04EC0-301F-11D3-BF4B-00C04F79EFBC}") = "Auth.Application", "Identity\Auth.Application\Auth.Application.csproj", "{79D1A699-E8C7-49B5-B50E-535800CB6CCC}"
EndProject
Project("{FAE04EC0-301F-11D3-BF4B-00C04F79EFBC}") = "Auth.API", "Identity\Auth.API\Auth.API.csproj", "{14C2F0CB-EE2E-4E19-AFBC-B0474369E555}"
EndProject
Project("{FAE04EC0-301F-11D3-BF4B-00C04F79EFBC}") = "Auth.Infrastructure", "Identity\Auth.Infrastructure\Auth.Infrastructure.csproj", "{2BAFB8E5-5CB0-463B-A785-4E125AEF1807}"
EndProject
Project("{FAE04EC0-301F-11D3-BF4B-00C04F79EFBC}") = "Auth.Domain", "Identity\Auth.Domain\Auth.Domain.csproj", "{19B6A0AF-AF04-4CC6-9EAC-D80E977A4C69}"
EndProject
Global
	GlobalSection(SolutionConfigurationPlatforms) = preSolution
		Debug|Any CPU = Debug|Any CPU
		Release|Any CPU = Release|Any CPU
	EndGlobalSection
	GlobalSection(ProjectConfigurationPlatforms) = postSolution
		{E8BF0D0C-5ADE-4425-B4F3-691CA9172A4F}.Debug|Any CPU.ActiveCfg = Debug|Any CPU
		{E8BF0D0C-5ADE-4425-B4F3-691CA9172A4F}.Debug|Any CPU.Build.0 = Debug|Any CPU
		{E8BF0D0C-5ADE-4425-B4F3-691CA9172A4F}.Release|Any CPU.ActiveCfg = Release|Any CPU
		{E8BF0D0C-5ADE-4425-B4F3-691CA9172A4F}.Release|Any CPU.Build.0 = Release|Any CPU
		{B165479C-2007-4D28-988D-11A923B9CB80}.Debug|Any CPU.ActiveCfg = Debug|Any CPU
		{B165479C-2007-4D28-988D-11A923B9CB80}.Debug|Any CPU.Build.0 = Debug|Any CPU
		{B165479C-2007-4D28-988D-11A923B9CB80}.Release|Any CPU.ActiveCfg = Release|Any CPU
		{B165479C-2007-4D28-988D-11A923B9CB80}.Release|Any CPU.Build.0 = Release|Any CPU
		{81DDED9D-158B-E303-5F62-77A2896D2A5A}.Debug|Any CPU.ActiveCfg = Debug|Any CPU
		{81DDED9D-158B-E303-5F62-77A2896D2A5A}.Debug|Any CPU.Build.0 = Debug|Any CPU
		{81DDED9D-158B-E303-5F62-77A2896D2A5A}.Release|Any CPU.ActiveCfg = Release|Any CPU
		{81DDED9D-158B-E303-5F62-77A2896D2A5A}.Release|Any CPU.Build.0 = Release|Any CPU
		{79D1A699-E8C7-49B5-B50E-535800CB6CCC}.Debug|Any CPU.ActiveCfg = Debug|Any CPU
		{79D1A699-E8C7-49B5-B50E-535800CB6CCC}.Debug|Any CPU.Build.0 = Debug|Any CPU
		{79D1A699-E8C7-49B5-B50E-535800CB6CCC}.Release|Any CPU.ActiveCfg = Release|Any CPU
		{79D1A699-E8C7-49B5-B50E-535800CB6CCC}.Release|Any CPU.Build.0 = Release|Any CPU
		{14C2F0CB-EE2E-4E19-AFBC-B0474369E555}.Debug|Any CPU.ActiveCfg = Debug|Any CPU
		{14C2F0CB-EE2E-4E19-AFBC-B0474369E555}.Debug|Any CPU.Build.0 = Debug|Any CPU
		{14C2F0CB-EE2E-4E19-AFBC-B0474369E555}.Release|Any CPU.ActiveCfg = Release|Any CPU
		{14C2F0CB-EE2E-4E19-AFBC-B0474369E555}.Release|Any CPU.Build.0 = Release|Any CPU
		{2BAFB8E5-5CB0-463B-A785-4E125AEF1807}.Debug|Any CPU.ActiveCfg = Debug|Any CPU
		{2BAFB8E5-5CB0-463B-A785-4E125AEF1807}.Debug|Any CPU.Build.0 = Debug|Any CPU
		{2BAFB8E5-5CB0-463B-A785-4E125AEF1807}.Release|Any CPU.ActiveCfg = Release|Any CPU
		{2BAFB8E5-5CB0-463B-A785-4E125AEF1807}.Release|Any CPU.Build.0 = Release|Any CPU
		{19B6A0AF-AF04-4CC6-9EAC-D80E977A4C69}.Debug|Any CPU.ActiveCfg = Debug|Any CPU
		{19B6A0AF-AF04-4CC6-9EAC-D80E977A4C69}.Debug|Any CPU.Build.0 = Debug|Any CPU
		{19B6A0AF-AF04-4CC6-9EAC-D80E977A4C69}.Release|Any CPU.ActiveCfg = Release|Any CPU
		{19B6A0AF-AF04-4CC6-9EAC-D80E977A4C69}.Release|Any CPU.Build.0 = Release|Any CPU
	EndGlobalSection
	GlobalSection(SolutionProperties) = preSolution
		HideSolutionNode = FALSE
	EndGlobalSection
	GlobalSection(NestedProjects) = preSolution
		{638C08B1-3DF4-4902-94F1-B75281798F41} = {A29CB6CF-9890-45CD-9759-3AECFF1184BD}
		{45026D97-5336-43E7-850E-E46A5A525CE2} = {A29CB6CF-9890-45CD-9759-3AECFF1184BD}
		{E8BF0D0C-5ADE-4425-B4F3-691CA9172A4F} = {638C08B1-3DF4-4902-94F1-B75281798F41}
		{B165479C-2007-4D28-988D-11A923B9CB80} = {A3167F7D-0644-45E9-85B5-B904592C8F2D}
		{79D1A699-E8C7-49B5-B50E-535800CB6CCC} = {45026D97-5336-43E7-850E-E46A5A525CE2}
		{14C2F0CB-EE2E-4E19-AFBC-B0474369E555} = {45026D97-5336-43E7-850E-E46A5A525CE2}
		{2BAFB8E5-5CB0-463B-A785-4E125AEF1807} = {45026D97-5336-43E7-850E-E46A5A525CE2}
		{19B6A0AF-AF04-4CC6-9EAC-D80E977A4C69} = {45026D97-5336-43E7-850E-E46A5A525CE2}
	EndGlobalSection
	GlobalSection(ExtensibilityGlobals) = postSolution
		SolutionGuid = {82387297-88E3-4A08-A4C6-EF12001679EF}
	EndGlobalSection
EndGlobal
