
Microsoft Visual Studio Solution File, Format Version 12.00
# Visual Studio Version 17
VisualStudioVersion = 17.0.31903.59
MinimumVisualStudioVersion = 10.0.40219.1
Project("{2150E333-8FDC-42A3-9474-1A3956D46DE8}") = "Services", "Services", "{BBD4763F-B42A-4ACB-83C7-5E67BAEA850A}"
EndProject
Project("{2150E333-8FDC-42A3-9474-1A3956D46DE8}") = "Catalog", "Catalog", "{95761DEA-F572-44F5-BCC0-9DFE6686678C}"
EndProject
Project("{9A19103F-16F7-4668-BE54-9A1E7A4F7556}") = "Catalog.Api", "Services\Catalog\Catalog.Api\Catalog.Api.csproj", "{AA21DFDF-158F-4B30-9AE7-10C11974185E}"
EndProject
Project("{2150E333-8FDC-42A3-9474-1A3956D46DE8}") = "BuildingBlocks", "BuildingBlocks", "{43DA7389-AFC4-4F63-988C-E62E771B26B3}"
EndProject
Project("{9A19103F-16F7-4668-BE54-9A1E7A4F7556}") = "BuildingBlocks", "BuildingBlocks\BuildingBlocks\BuildingBlocks.csproj", "{285DB27B-B648-4721-8AA7-E86A53E5E28B}"
EndProject
Project("{E53339B2-1760-4266-BCC7-CA923CBCF16C}") = "docker-compose", "docker-compose.dcproj", "{868D69E9-9471-446C-A350-D7069353220C}"
EndProject
Project("{2150E333-8FDC-42A3-9474-1A3956D46DE8}") = "BuildingBlocks", "BuildingBlocks", "{DA318408-91C2-4A5A-9990-2C7036EDF02C}"
EndProject
Project("{2150E333-8FDC-42A3-9474-1A3956D46DE8}") = "Basket", "Basket", "{8FB8B92A-A457-4172-933A-51887998E107}"
EndProject
Project("{FAE04EC0-301F-11D3-BF4B-00C04F79EFBC}") = "Basket.Api", "Services\Basket\Basket.Api\Basket.Api.csproj", "{9932CDE9-B688-45B9-98AB-CF30712B7E8E}"
EndProject
Project("{2150E333-8FDC-42A3-9474-1A3956D46DE8}") = "Discount", "Discount", "{55340E7E-78C4-414E-BE36-7EDEF78DD791}"
EndProject
Project("{FAE04EC0-301F-11D3-BF4B-00C04F79EFBC}") = "Discount.Grpc", "Services\Discount\Discount.Grpc\Discount.Grpc.csproj", "{E1C631CD-DFA4-4C1D-B866-F6B7AA3634E9}"
EndProject
Project("{2150E333-8FDC-42A3-9474-1A3956D46DE8}") = "Ordering", "Ordering", "{061EDAD6-6FB5-4D96-B58E-E4C326C74AD0}"
EndProject
Project("{FAE04EC0-301F-11D3-BF4B-00C04F79EFBC}") = "Ordering.Api", "Services\Ordering\Ordering.Api\Ordering.Api.csproj", "{D7465DBF-9388-4501-AF5E-A0142D3616A8}"
EndProject
Project("{FAE04EC0-301F-11D3-BF4B-00C04F79EFBC}") = "Ordering.Domain", "Services\Ordering\Ordering.Domain\Ordering.Domain.csproj", "{3C07BABB-B107-46CD-86FD-7C6C0DCDF38F}"
EndProject
Project("{FAE04EC0-301F-11D3-BF4B-00C04F79EFBC}") = "Ordering.Application", "Services\Ordering\Ordering.Application\Ordering.Application.csproj", "{886DB4B2-48AF-44EB-B076-D3F098247C0B}"
EndProject
Project("{FAE04EC0-301F-11D3-BF4B-00C04F79EFBC}") = "Ordering.Infrastructure", "Services\Ordering\Ordering.Infrastructure\Ordering.Infrastructure.csproj", "{D3C07936-2924-4E08-8D78-79645D76B7E0}"
EndProject
Project("{2150E333-8FDC-42A3-9474-1A3956D46DE8}") = "WebApps", "WebApps", "{26264317-9942-41EF-A95B-CD45C7D83E45}"
EndProject
Project("{FAE04EC0-301F-11D3-BF4B-00C04F79EFBC}") = "BuildingBlocks.Messaging", "BuildingBlocks\BuildingBlocks.Messaging\BuildingBlocks.Messaging.csproj", "{4D2F525F-5252-470D-A064-7DBA7DA257DC}"
EndProject
Project("{2150E333-8FDC-42A3-9474-1A3956D46DE8}") = "ApiGateways", "ApiGateways", "{2635AD43-8889-4237-AF91-5AAB4D1E39A4}"
EndProject
Project("{FAE04EC0-301F-11D3-BF4B-00C04F79EFBC}") = "YarpApiGateWay", "ApiGateways\YarpApiGateWay\YarpApiGateWay.csproj", "{D0D70333-67E5-4120-AE20-8E523F170429}"
EndProject
Project("{2150E333-8FDC-42A3-9474-1A3956D46DE8}") = "Auth", "Auth", "{216912AC-D666-4564-833C-F71674EE805C}"
EndProject
Project("{FAE04EC0-301F-11D3-BF4B-00C04F79EFBC}") = "Auth.Api", "Services\Auth\Auth.Api\Auth.Api.csproj", "{C0B681F5-B110-421F-939E-61F30962C434}"
EndProject
Global
	GlobalSection(SolutionConfigurationPlatforms) = preSolution
		Debug|Any CPU = Debug|Any CPU
		Release|Any CPU = Release|Any CPU
	EndGlobalSection
	GlobalSection(ProjectConfigurationPlatforms) = postSolution
		{AA21DFDF-158F-4B30-9AE7-10C11974185E}.Debug|Any CPU.ActiveCfg = Debug|Any CPU
		{AA21DFDF-158F-4B30-9AE7-10C11974185E}.Debug|Any CPU.Build.0 = Debug|Any CPU
		{AA21DFDF-158F-4B30-9AE7-10C11974185E}.Release|Any CPU.ActiveCfg = Release|Any CPU
		{AA21DFDF-158F-4B30-9AE7-10C11974185E}.Release|Any CPU.Build.0 = Release|Any CPU
		{285DB27B-B648-4721-8AA7-E86A53E5E28B}.Debug|Any CPU.ActiveCfg = Debug|Any CPU
		{285DB27B-B648-4721-8AA7-E86A53E5E28B}.Debug|Any CPU.Build.0 = Debug|Any CPU
		{285DB27B-B648-4721-8AA7-E86A53E5E28B}.Release|Any CPU.ActiveCfg = Release|Any CPU
		{285DB27B-B648-4721-8AA7-E86A53E5E28B}.Release|Any CPU.Build.0 = Release|Any CPU
		{868D69E9-9471-446C-A350-D7069353220C}.Debug|Any CPU.ActiveCfg = Debug|Any CPU
		{868D69E9-9471-446C-A350-D7069353220C}.Debug|Any CPU.Build.0 = Debug|Any CPU
		{868D69E9-9471-446C-A350-D7069353220C}.Release|Any CPU.ActiveCfg = Release|Any CPU
		{868D69E9-9471-446C-A350-D7069353220C}.Release|Any CPU.Build.0 = Release|Any CPU
		{9932CDE9-B688-45B9-98AB-CF30712B7E8E}.Debug|Any CPU.ActiveCfg = Debug|Any CPU
		{9932CDE9-B688-45B9-98AB-CF30712B7E8E}.Debug|Any CPU.Build.0 = Debug|Any CPU
		{9932CDE9-B688-45B9-98AB-CF30712B7E8E}.Release|Any CPU.ActiveCfg = Release|Any CPU
		{9932CDE9-B688-45B9-98AB-CF30712B7E8E}.Release|Any CPU.Build.0 = Release|Any CPU
		{E1C631CD-DFA4-4C1D-B866-F6B7AA3634E9}.Debug|Any CPU.ActiveCfg = Debug|Any CPU
		{E1C631CD-DFA4-4C1D-B866-F6B7AA3634E9}.Debug|Any CPU.Build.0 = Debug|Any CPU
		{E1C631CD-DFA4-4C1D-B866-F6B7AA3634E9}.Release|Any CPU.ActiveCfg = Release|Any CPU
		{E1C631CD-DFA4-4C1D-B866-F6B7AA3634E9}.Release|Any CPU.Build.0 = Release|Any CPU
		{D7465DBF-9388-4501-AF5E-A0142D3616A8}.Debug|Any CPU.ActiveCfg = Debug|Any CPU
		{D7465DBF-9388-4501-AF5E-A0142D3616A8}.Debug|Any CPU.Build.0 = Debug|Any CPU
		{D7465DBF-9388-4501-AF5E-A0142D3616A8}.Release|Any CPU.ActiveCfg = Release|Any CPU
		{D7465DBF-9388-4501-AF5E-A0142D3616A8}.Release|Any CPU.Build.0 = Release|Any CPU
		{3C07BABB-B107-46CD-86FD-7C6C0DCDF38F}.Debug|Any CPU.ActiveCfg = Debug|Any CPU
		{3C07BABB-B107-46CD-86FD-7C6C0DCDF38F}.Debug|Any CPU.Build.0 = Debug|Any CPU
		{3C07BABB-B107-46CD-86FD-7C6C0DCDF38F}.Release|Any CPU.ActiveCfg = Release|Any CPU
		{3C07BABB-B107-46CD-86FD-7C6C0DCDF38F}.Release|Any CPU.Build.0 = Release|Any CPU
		{886DB4B2-48AF-44EB-B076-D3F098247C0B}.Debug|Any CPU.ActiveCfg = Debug|Any CPU
		{886DB4B2-48AF-44EB-B076-D3F098247C0B}.Debug|Any CPU.Build.0 = Debug|Any CPU
		{886DB4B2-48AF-44EB-B076-D3F098247C0B}.Release|Any CPU.ActiveCfg = Release|Any CPU
		{886DB4B2-48AF-44EB-B076-D3F098247C0B}.Release|Any CPU.Build.0 = Release|Any CPU
		{D3C07936-2924-4E08-8D78-79645D76B7E0}.Debug|Any CPU.ActiveCfg = Debug|Any CPU
		{D3C07936-2924-4E08-8D78-79645D76B7E0}.Debug|Any CPU.Build.0 = Debug|Any CPU
		{D3C07936-2924-4E08-8D78-79645D76B7E0}.Release|Any CPU.ActiveCfg = Release|Any CPU
		{D3C07936-2924-4E08-8D78-79645D76B7E0}.Release|Any CPU.Build.0 = Release|Any CPU
		{4D2F525F-5252-470D-A064-7DBA7DA257DC}.Debug|Any CPU.ActiveCfg = Debug|Any CPU
		{4D2F525F-5252-470D-A064-7DBA7DA257DC}.Debug|Any CPU.Build.0 = Debug|Any CPU
		{4D2F525F-5252-470D-A064-7DBA7DA257DC}.Release|Any CPU.ActiveCfg = Release|Any CPU
		{4D2F525F-5252-470D-A064-7DBA7DA257DC}.Release|Any CPU.Build.0 = Release|Any CPU
		{D0D70333-67E5-4120-AE20-8E523F170429}.Debug|Any CPU.ActiveCfg = Debug|Any CPU
		{D0D70333-67E5-4120-AE20-8E523F170429}.Debug|Any CPU.Build.0 = Debug|Any CPU
		{D0D70333-67E5-4120-AE20-8E523F170429}.Release|Any CPU.ActiveCfg = Release|Any CPU
		{D0D70333-67E5-4120-AE20-8E523F170429}.Release|Any CPU.Build.0 = Release|Any CPU
		{C0B681F5-B110-421F-939E-61F30962C434}.Debug|Any CPU.ActiveCfg = Debug|Any CPU
		{C0B681F5-B110-421F-939E-61F30962C434}.Debug|Any CPU.Build.0 = Debug|Any CPU
		{C0B681F5-B110-421F-939E-61F30962C434}.Release|Any CPU.ActiveCfg = Release|Any CPU
		{C0B681F5-B110-421F-939E-61F30962C434}.Release|Any CPU.Build.0 = Release|Any CPU
	EndGlobalSection
	GlobalSection(SolutionProperties) = preSolution
		HideSolutionNode = FALSE
	EndGlobalSection
	GlobalSection(NestedProjects) = preSolution
		{95761DEA-F572-44F5-BCC0-9DFE6686678C} = {BBD4763F-B42A-4ACB-83C7-5E67BAEA850A}
		{AA21DFDF-158F-4B30-9AE7-10C11974185E} = {95761DEA-F572-44F5-BCC0-9DFE6686678C}
		{285DB27B-B648-4721-8AA7-E86A53E5E28B} = {43DA7389-AFC4-4F63-988C-E62E771B26B3}
		{43DA7389-AFC4-4F63-988C-E62E771B26B3} = {DA318408-91C2-4A5A-9990-2C7036EDF02C}
		{8FB8B92A-A457-4172-933A-51887998E107} = {BBD4763F-B42A-4ACB-83C7-5E67BAEA850A}
		{9932CDE9-B688-45B9-98AB-CF30712B7E8E} = {8FB8B92A-A457-4172-933A-51887998E107}
		{55340E7E-78C4-414E-BE36-7EDEF78DD791} = {BBD4763F-B42A-4ACB-83C7-5E67BAEA850A}
		{E1C631CD-DFA4-4C1D-B866-F6B7AA3634E9} = {55340E7E-78C4-414E-BE36-7EDEF78DD791}
		{061EDAD6-6FB5-4D96-B58E-E4C326C74AD0} = {BBD4763F-B42A-4ACB-83C7-5E67BAEA850A}
		{D7465DBF-9388-4501-AF5E-A0142D3616A8} = {061EDAD6-6FB5-4D96-B58E-E4C326C74AD0}
		{3C07BABB-B107-46CD-86FD-7C6C0DCDF38F} = {061EDAD6-6FB5-4D96-B58E-E4C326C74AD0}
		{886DB4B2-48AF-44EB-B076-D3F098247C0B} = {061EDAD6-6FB5-4D96-B58E-E4C326C74AD0}
		{D3C07936-2924-4E08-8D78-79645D76B7E0} = {061EDAD6-6FB5-4D96-B58E-E4C326C74AD0}
		{4D2F525F-5252-470D-A064-7DBA7DA257DC} = {DA318408-91C2-4A5A-9990-2C7036EDF02C}
		{D0D70333-67E5-4120-AE20-8E523F170429} = {2635AD43-8889-4237-AF91-5AAB4D1E39A4}
		{216912AC-D666-4564-833C-F71674EE805C} = {BBD4763F-B42A-4ACB-83C7-5E67BAEA850A}
		{C0B681F5-B110-421F-939E-61F30962C434} = {216912AC-D666-4564-833C-F71674EE805C}
	EndGlobalSection
EndGlobal
